
Microsoft Visual Studio Solution File, Format Version 12.00
# Visual Studio Version 17
VisualStudioVersion = 17.1.32210.238
MinimumVisualStudioVersion = 10.0.40219.1
Project("{FAE04EC0-301F-11D3-BF4B-00C04F79EFBC}") = "Swap_Numbers", "Swap_Numbers\Swap_Numbers.csproj", "{FE710697-FB5E-43B3-A519-05BAB99E76A6}"
EndProject
Global
	GlobalSection(SolutionConfigurationPlatforms) = preSolution
		Debug|Any CPU = Debug|Any CPU
		Release|Any CPU = Release|Any CPU
	EndGlobalSection
	GlobalSection(ProjectConfigurationPlatforms) = postSolution
		{FE710697-FB5E-43B3-A519-05BAB99E76A6}.Debug|Any CPU.ActiveCfg = Debug|Any CPU
		{FE710697-FB5E-43B3-A519-05BAB99E76A6}.Debug|Any CPU.Build.0 = Debug|Any CPU
		{FE710697-FB5E-43B3-A519-05BAB99E76A6}.Release|Any CPU.ActiveCfg = Release|Any CPU
		{FE710697-FB5E-43B3-A519-05BAB99E76A6}.Release|Any CPU.Build.0 = Release|Any CPU
	EndGlobalSection
	GlobalSection(SolutionProperties) = preSolution
		HideSolutionNode = FALSE
	EndGlobalSection
	GlobalSection(ExtensibilityGlobals) = postSolution
		SolutionGuid = {9B59F1D0-8130-4035-A8AA-A1E6EE5AB339}
	EndGlobalSection
EndGlobal
